// !$*UTF8*$!
{
	archiveVersion = 1;
	classes = {
	};
	objectVersion = 46;
	objects = {

/* Begin PBXBuildFile section */
		20789D381A622176002DF278 /* CoreService.h in Headers */ = {isa = PBXBuildFile; fileRef = 20789D371A622176002DF278 /* CoreService.h */; settings = {ATTRIBUTES = (Public, ); }; };
		20789E0D1A6221E2002DF278 /* AutoCleanCacheTask.h in Headers */ = {isa = PBXBuildFile; fileRef = 20789D4F1A6221E2002DF278 /* AutoCleanCacheTask.h */; };
		20789E0E1A6221E2002DF278 /* AutoCleanCacheTask.m in Sources */ = {isa = PBXBuildFile; fileRef = 20789D501A6221E2002DF278 /* AutoCleanCacheTask.m */; };
		20789E581A6221E2002DF278 /* DownloadFileActor.h in Headers */ = {isa = PBXBuildFile; fileRef = 20789DA21A6221E2002DF278 /* DownloadFileActor.h */; };
		20789E591A6221E2002DF278 /* DownloadFileActor.m in Sources */ = {isa = PBXBuildFile; fileRef = 20789DA31A6221E2002DF278 /* DownloadFileActor.m */; settings = {COMPILER_FLAGS = "-fno-objc-arc"; }; };
		20789E5A1A6221E2002DF278 /* DownloadFileCluster.h in Headers */ = {isa = PBXBuildFile; fileRef = 20789DA41A6221E2002DF278 /* DownloadFileCluster.h */; };
		20789E5B1A6221E2002DF278 /* DownloadFileCluster.m in Sources */ = {isa = PBXBuildFile; fileRef = 20789DA51A6221E2002DF278 /* DownloadFileCluster.m */; settings = {COMPILER_FLAGS = "-fno-objc-arc"; }; };
		20789E5C1A6221E2002DF278 /* ares.h in Headers */ = {isa = PBXBuildFile; fileRef = 20789DA71A6221E2002DF278 /* ares.h */; };
		20789E5D1A6221E2002DF278 /* ares_build.h in Headers */ = {isa = PBXBuildFile; fileRef = 20789DA81A6221E2002DF278 /* ares_build.h */; };
		20789E5E1A6221E2002DF278 /* ares_rules.h in Headers */ = {isa = PBXBuildFile; fileRef = 20789DA91A6221E2002DF278 /* ares_rules.h */; };
		20789E5F1A6221E2002DF278 /* ares_version.h in Headers */ = {isa = PBXBuildFile; fileRef = 20789DAA1A6221E2002DF278 /* ares_version.h */; };
		20789E601A6221E2002DF278 /* libcares.a in Frameworks */ = {isa = PBXBuildFile; fileRef = 20789DAB1A6221E2002DF278 /* libcares.a */; };
		20789E611A6221E2002DF278 /* curl.h in Headers */ = {isa = PBXBuildFile; fileRef = 20789DAE1A6221E2002DF278 /* curl.h */; };
		20789E621A6221E2002DF278 /* curlbuild.h in Headers */ = {isa = PBXBuildFile; fileRef = 20789DAF1A6221E2002DF278 /* curlbuild.h */; };
		20789E631A6221E2002DF278 /* curlrules.h in Headers */ = {isa = PBXBuildFile; fileRef = 20789DB01A6221E2002DF278 /* curlrules.h */; };
		20789E641A6221E2002DF278 /* curlver.h in Headers */ = {isa = PBXBuildFile; fileRef = 20789DB11A6221E2002DF278 /* curlver.h */; };
		20789E651A6221E2002DF278 /* easy.h in Headers */ = {isa = PBXBuildFile; fileRef = 20789DB21A6221E2002DF278 /* easy.h */; };
		20789E661A6221E2002DF278 /* mprintf.h in Headers */ = {isa = PBXBuildFile; fileRef = 20789DB31A6221E2002DF278 /* mprintf.h */; };
		20789E671A6221E2002DF278 /* multi.h in Headers */ = {isa = PBXBuildFile; fileRef = 20789DB41A6221E2002DF278 /* multi.h */; };
		20789E681A6221E2002DF278 /* stdcheaders.h in Headers */ = {isa = PBXBuildFile; fileRef = 20789DB51A6221E2002DF278 /* stdcheaders.h */; };
		20789E691A6221E2002DF278 /* typecheck-gcc.h in Headers */ = {isa = PBXBuildFile; fileRef = 20789DB61A6221E2002DF278 /* typecheck-gcc.h */; };
		20789E6A1A6221E2002DF278 /* libcares.a in Frameworks */ = {isa = PBXBuildFile; fileRef = 20789DB71A6221E2002DF278 /* libcares.a */; };
		20789E6C1A6221E2002DF278 /* libcurl.a in Frameworks */ = {isa = PBXBuildFile; fileRef = 20789DB91A6221E2002DF278 /* libcurl.a */; };
		20789E6D1A6221E3002DF278 /* libnghttp2.a in Frameworks */ = {isa = PBXBuildFile; fileRef = 20789DBA1A6221E2002DF278 /* libnghttp2.a */; };
		20789E6E1A6221E3002DF278 /* libspdylay.a in Frameworks */ = {isa = PBXBuildFile; fileRef = 20789DBB1A6221E2002DF278 /* libspdylay.a */; };
		20789E6F1A6221E3002DF278 /* DNSSocketContext.h in Headers */ = {isa = PBXBuildFile; fileRef = 20789DBD1A6221E2002DF278 /* DNSSocketContext.h */; };
		20789E701A6221E3002DF278 /* DNSSocketContext.m in Sources */ = {isa = PBXBuildFile; fileRef = 20789DBE1A6221E2002DF278 /* DNSSocketContext.m */; settings = {COMPILER_FLAGS = "-fno-objc-arc"; }; };
		20789E711A6221E3002DF278 /* NeoDNSEngine.h in Headers */ = {isa = PBXBuildFile; fileRef = 20789DBF1A6221E2002DF278 /* NeoDNSEngine.h */; };
		20789E721A6221E3002DF278 /* NeoDNSEngine.m in Sources */ = {isa = PBXBuildFile; fileRef = 20789DC01A6221E2002DF278 /* NeoDNSEngine.m */; settings = {COMPILER_FLAGS = "-fno-objc-arc"; }; };
		20789E731A6221E3002DF278 /* NeoHttpDownloadTask.h in Headers */ = {isa = PBXBuildFile; fileRef = 20789DC11A6221E2002DF278 /* NeoHttpDownloadTask.h */; };
		20789E741A6221E3002DF278 /* NeoHttpDownloadTask.m in Sources */ = {isa = PBXBuildFile; fileRef = 20789DC21A6221E2002DF278 /* NeoHttpDownloadTask.m */; settings = {COMPILER_FLAGS = "-fno-objc-arc"; }; };
		20789E751A6221E3002DF278 /* NeoHttpFormTask.h in Headers */ = {isa = PBXBuildFile; fileRef = 20789DC31A6221E2002DF278 /* NeoHttpFormTask.h */; };
		20789E761A6221E3002DF278 /* NeoHttpFormTask.m in Sources */ = {isa = PBXBuildFile; fileRef = 20789DC41A6221E2002DF278 /* NeoHttpFormTask.m */; settings = {COMPILER_FLAGS = "-fno-objc-arc"; }; };
		20789E771A6221E3002DF278 /* NeoHttpPostTask.h in Headers */ = {isa = PBXBuildFile; fileRef = 20789DC51A6221E2002DF278 /* NeoHttpPostTask.h */; };
		20789E781A6221E3002DF278 /* NeoHttpPostTask.m in Sources */ = {isa = PBXBuildFile; fileRef = 20789DC61A6221E2002DF278 /* NeoHttpPostTask.m */; settings = {COMPILER_FLAGS = "-fno-objc-arc"; }; };
		20789E791A6221E3002DF278 /* NeoHttpTask.h in Headers */ = {isa = PBXBuildFile; fileRef = 20789DC71A6221E2002DF278 /* NeoHttpTask.h */; };
		20789E7A1A6221E3002DF278 /* NeoHttpTask.m in Sources */ = {isa = PBXBuildFile; fileRef = 20789DC81A6221E2002DF278 /* NeoHttpTask.m */; settings = {COMPILER_FLAGS = "-fno-objc-arc"; }; };
		20789E7B1A6221E3002DF278 /* NeoNetEngine.h in Headers */ = {isa = PBXBuildFile; fileRef = 20789DC91A6221E2002DF278 /* NeoNetEngine.h */; };
		20789E7C1A6221E3002DF278 /* NeoNetEngine.m in Sources */ = {isa = PBXBuildFile; fileRef = 20789DCA1A6221E2002DF278 /* NeoNetEngine.m */; settings = {COMPILER_FLAGS = "-fno-objc-arc"; }; };
		20789E7D1A6221E3002DF278 /* NeoNetTask.h in Headers */ = {isa = PBXBuildFile; fileRef = 20789DCB1A6221E2002DF278 /* NeoNetTask.h */; };
		20789E7E1A6221E3002DF278 /* NeoNetTask.m in Sources */ = {isa = PBXBuildFile; fileRef = 20789DCC1A6221E2002DF278 /* NeoNetTask.m */; settings = {COMPILER_FLAGS = "-fno-objc-arc"; }; };
		20789E7F1A6221E3002DF278 /* NeoReachability.h in Headers */ = {isa = PBXBuildFile; fileRef = 20789DCD1A6221E2002DF278 /* NeoReachability.h */; };
		20789E801A6221E3002DF278 /* NeoReachability.m in Sources */ = {isa = PBXBuildFile; fileRef = 20789DCE1A6221E2002DF278 /* NeoReachability.m */; settings = {COMPILER_FLAGS = "-fno-objc-arc"; }; };
		20789E811A6221E3002DF278 /* NeoSocketContext.h in Headers */ = {isa = PBXBuildFile; fileRef = 20789DCF1A6221E2002DF278 /* NeoSocketContext.h */; };
		20789E821A6221E3002DF278 /* NeoSocketContext.m in Sources */ = {isa = PBXBuildFile; fileRef = 20789DD01A6221E2002DF278 /* NeoSocketContext.m */; settings = {COMPILER_FLAGS = "-fno-objc-arc"; }; };
		20789E831A6221E3002DF278 /* NetNormalActor.h in Headers */ = {isa = PBXBuildFile; fileRef = 20789DD11A6221E2002DF278 /* NetNormalActor.h */; };
		20789E841A6221E3002DF278 /* NetNormalActor.m in Sources */ = {isa = PBXBuildFile; fileRef = 20789DD21A6221E2002DF278 /* NetNormalActor.m */; settings = {COMPILER_FLAGS = "-fno-objc-arc"; }; };
		20789E851A6221E3002DF278 /* NetworkCommon.h in Headers */ = {isa = PBXBuildFile; fileRef = 20789DD31A6221E2002DF278 /* NetworkCommon.h */; };
		20789EBF1A622219002DF278 /* Enviroment.framework in Frameworks */ = {isa = PBXBuildFile; fileRef = 20789EBC1A622219002DF278 /* Enviroment.framework */; };
		20789EC01A622219002DF278 /* FusionCore.framework in Frameworks */ = {isa = PBXBuildFile; fileRef = 20789EBD1A622219002DF278 /* FusionCore.framework */; };
		20789EC11A622219002DF278 /* Utility.framework in Frameworks */ = {isa = PBXBuildFile; fileRef = 20789EBE1A622219002DF278 /* Utility.framework */; };
/* End PBXBuildFile section */

/* Begin PBXFileReference section */
		20789D321A622176002DF278 /* CoreService.framework */ = {isa = PBXFileReference; explicitFileType = wrapper.framework; includeInIndex = 0; path = CoreService.framework; sourceTree = BUILT_PRODUCTS_DIR; };
		20789D361A622176002DF278 /* Info.plist */ = {isa = PBXFileReference; lastKnownFileType = text.plist.xml; path = Info.plist; sourceTree = "<group>"; };
		20789D371A622176002DF278 /* CoreService.h */ = {isa = PBXFileReference; lastKnownFileType = sourcecode.c.h; path = CoreService.h; sourceTree = "<group>"; };
		20789D4F1A6221E2002DF278 /* AutoCleanCacheTask.h */ = {isa = PBXFileReference; fileEncoding = 4; lastKnownFileType = sourcecode.c.h; path = AutoCleanCacheTask.h; sourceTree = "<group>"; };
		20789D501A6221E2002DF278 /* AutoCleanCacheTask.m */ = {isa = PBXFileReference; fileEncoding = 4; lastKnownFileType = sourcecode.c.objc; path = AutoCleanCacheTask.m; sourceTree = "<group>"; };
		20789DA21A6221E2002DF278 /* DownloadFileActor.h */ = {isa = PBXFileReference; fileEncoding = 4; lastKnownFileType = sourcecode.c.h; path = DownloadFileActor.h; sourceTree = "<group>"; };
		20789DA31A6221E2002DF278 /* DownloadFileActor.m */ = {isa = PBXFileReference; fileEncoding = 4; lastKnownFileType = sourcecode.c.objc; path = DownloadFileActor.m; sourceTree = "<group>"; };
		20789DA41A6221E2002DF278 /* DownloadFileCluster.h */ = {isa = PBXFileReference; fileEncoding = 4; lastKnownFileType = sourcecode.c.h; path = DownloadFileCluster.h; sourceTree = "<group>"; };
		20789DA51A6221E2002DF278 /* DownloadFileCluster.m */ = {isa = PBXFileReference; fileEncoding = 4; lastKnownFileType = sourcecode.c.objc; path = DownloadFileCluster.m; sourceTree = "<group>"; };
		20789DA71A6221E2002DF278 /* ares.h */ = {isa = PBXFileReference; fileEncoding = 4; lastKnownFileType = sourcecode.c.h; path = ares.h; sourceTree = "<group>"; };
		20789DA81A6221E2002DF278 /* ares_build.h */ = {isa = PBXFileReference; fileEncoding = 4; lastKnownFileType = sourcecode.c.h; path = ares_build.h; sourceTree = "<group>"; };
		20789DA91A6221E2002DF278 /* ares_rules.h */ = {isa = PBXFileReference; fileEncoding = 4; lastKnownFileType = sourcecode.c.h; path = ares_rules.h; sourceTree = "<group>"; };
		20789DAA1A6221E2002DF278 /* ares_version.h */ = {isa = PBXFileReference; fileEncoding = 4; lastKnownFileType = sourcecode.c.h; path = ares_version.h; sourceTree = "<group>"; };
		20789DAB1A6221E2002DF278 /* libcares.a */ = {isa = PBXFileReference; lastKnownFileType = archive.ar; path = libcares.a; sourceTree = "<group>"; };
		20789DAE1A6221E2002DF278 /* curl.h */ = {isa = PBXFileReference; fileEncoding = 4; lastKnownFileType = sourcecode.c.h; path = curl.h; sourceTree = "<group>"; };
		20789DAF1A6221E2002DF278 /* curlbuild.h */ = {isa = PBXFileReference; fileEncoding = 4; lastKnownFileType = sourcecode.c.h; path = curlbuild.h; sourceTree = "<group>"; };
		20789DB01A6221E2002DF278 /* curlrules.h */ = {isa = PBXFileReference; fileEncoding = 4; lastKnownFileType = sourcecode.c.h; path = curlrules.h; sourceTree = "<group>"; };
		20789DB11A6221E2002DF278 /* curlver.h */ = {isa = PBXFileReference; fileEncoding = 4; lastKnownFileType = sourcecode.c.h; path = curlver.h; sourceTree = "<group>"; };
		20789DB21A6221E2002DF278 /* easy.h */ = {isa = PBXFileReference; fileEncoding = 4; lastKnownFileType = sourcecode.c.h; path = easy.h; sourceTree = "<group>"; };
		20789DB31A6221E2002DF278 /* mprintf.h */ = {isa = PBXFileReference; fileEncoding = 4; lastKnownFileType = sourcecode.c.h; path = mprintf.h; sourceTree = "<group>"; };
		20789DB41A6221E2002DF278 /* multi.h */ = {isa = PBXFileReference; fileEncoding = 4; lastKnownFileType = sourcecode.c.h; path = multi.h; sourceTree = "<group>"; };
		20789DB51A6221E2002DF278 /* stdcheaders.h */ = {isa = PBXFileReference; fileEncoding = 4; lastKnownFileType = sourcecode.c.h; path = stdcheaders.h; sourceTree = "<group>"; };
		20789DB61A6221E2002DF278 /* typecheck-gcc.h */ = {isa = PBXFileReference; fileEncoding = 4; lastKnownFileType = sourcecode.c.h; path = "typecheck-gcc.h"; sourceTree = "<group>"; };
		20789DB71A6221E2002DF278 /* libcares.a */ = {isa = PBXFileReference; lastKnownFileType = archive.ar; path = libcares.a; sourceTree = "<group>"; };
		20789DB81A6221E2002DF278 /* libcurl-ares.a */ = {isa = PBXFileReference; lastKnownFileType = archive.ar; path = "libcurl-ares.a"; sourceTree = "<group>"; };
		20789DB91A6221E2002DF278 /* libcurl.a */ = {isa = PBXFileReference; lastKnownFileType = archive.ar; path = libcurl.a; sourceTree = "<group>"; };
		20789DBA1A6221E2002DF278 /* libnghttp2.a */ = {isa = PBXFileReference; lastKnownFileType = archive.ar; path = libnghttp2.a; sourceTree = "<group>"; };
		20789DBB1A6221E2002DF278 /* libspdylay.a */ = {isa = PBXFileReference; lastKnownFileType = archive.ar; path = libspdylay.a; sourceTree = "<group>"; };
		20789DBD1A6221E2002DF278 /* DNSSocketContext.h */ = {isa = PBXFileReference; fileEncoding = 4; lastKnownFileType = sourcecode.c.h; path = DNSSocketContext.h; sourceTree = "<group>"; };
		20789DBE1A6221E2002DF278 /* DNSSocketContext.m */ = {isa = PBXFileReference; fileEncoding = 4; lastKnownFileType = sourcecode.c.objc; path = DNSSocketContext.m; sourceTree = "<group>"; };
		20789DBF1A6221E2002DF278 /* NeoDNSEngine.h */ = {isa = PBXFileReference; fileEncoding = 4; lastKnownFileType = sourcecode.c.h; path = NeoDNSEngine.h; sourceTree = "<group>"; };
		20789DC01A6221E2002DF278 /* NeoDNSEngine.m */ = {isa = PBXFileReference; fileEncoding = 4; lastKnownFileType = sourcecode.c.objc; path = NeoDNSEngine.m; sourceTree = "<group>"; };
		20789DC11A6221E2002DF278 /* NeoHttpDownloadTask.h */ = {isa = PBXFileReference; fileEncoding = 4; lastKnownFileType = sourcecode.c.h; path = NeoHttpDownloadTask.h; sourceTree = "<group>"; };
		20789DC21A6221E2002DF278 /* NeoHttpDownloadTask.m */ = {isa = PBXFileReference; fileEncoding = 4; lastKnownFileType = sourcecode.c.objc; path = NeoHttpDownloadTask.m; sourceTree = "<group>"; };
		20789DC31A6221E2002DF278 /* NeoHttpFormTask.h */ = {isa = PBXFileReference; fileEncoding = 4; lastKnownFileType = sourcecode.c.h; path = NeoHttpFormTask.h; sourceTree = "<group>"; };
		20789DC41A6221E2002DF278 /* NeoHttpFormTask.m */ = {isa = PBXFileReference; fileEncoding = 4; lastKnownFileType = sourcecode.c.objc; path = NeoHttpFormTask.m; sourceTree = "<group>"; };
		20789DC51A6221E2002DF278 /* NeoHttpPostTask.h */ = {isa = PBXFileReference; fileEncoding = 4; lastKnownFileType = sourcecode.c.h; path = NeoHttpPostTask.h; sourceTree = "<group>"; };
		20789DC61A6221E2002DF278 /* NeoHttpPostTask.m */ = {isa = PBXFileReference; fileEncoding = 4; lastKnownFileType = sourcecode.c.objc; path = NeoHttpPostTask.m; sourceTree = "<group>"; };
		20789DC71A6221E2002DF278 /* NeoHttpTask.h */ = {isa = PBXFileReference; fileEncoding = 4; lastKnownFileType = sourcecode.c.h; path = NeoHttpTask.h; sourceTree = "<group>"; };
		20789DC81A6221E2002DF278 /* NeoHttpTask.m */ = {isa = PBXFileReference; fileEncoding = 4; lastKnownFileType = sourcecode.c.objc; path = NeoHttpTask.m; sourceTree = "<group>"; };
		20789DC91A6221E2002DF278 /* NeoNetEngine.h */ = {isa = PBXFileReference; fileEncoding = 4; lastKnownFileType = sourcecode.c.h; path = NeoNetEngine.h; sourceTree = "<group>"; };
		20789DCA1A6221E2002DF278 /* NeoNetEngine.m */ = {isa = PBXFileReference; fileEncoding = 4; lastKnownFileType = sourcecode.c.objc; path = NeoNetEngine.m; sourceTree = "<group>"; };
		20789DCB1A6221E2002DF278 /* NeoNetTask.h */ = {isa = PBXFileReference; fileEncoding = 4; lastKnownFileType = sourcecode.c.h; path = NeoNetTask.h; sourceTree = "<group>"; };
		20789DCC1A6221E2002DF278 /* NeoNetTask.m */ = {isa = PBXFileReference; fileEncoding = 4; lastKnownFileType = sourcecode.c.objc; path = NeoNetTask.m; sourceTree = "<group>"; };
		20789DCD1A6221E2002DF278 /* NeoReachability.h */ = {isa = PBXFileReference; fileEncoding = 4; lastKnownFileType = sourcecode.c.h; path = NeoReachability.h; sourceTree = "<group>"; };
		20789DCE1A6221E2002DF278 /* NeoReachability.m */ = {isa = PBXFileReference; fileEncoding = 4; lastKnownFileType = sourcecode.c.objc; path = NeoReachability.m; sourceTree = "<group>"; };
		20789DCF1A6221E2002DF278 /* NeoSocketContext.h */ = {isa = PBXFileReference; fileEncoding = 4; lastKnownFileType = sourcecode.c.h; path = NeoSocketContext.h; sourceTree = "<group>"; };
		20789DD01A6221E2002DF278 /* NeoSocketContext.m */ = {isa = PBXFileReference; fileEncoding = 4; lastKnownFileType = sourcecode.c.objc; path = NeoSocketContext.m; sourceTree = "<group>"; };
		20789DD11A6221E2002DF278 /* NetNormalActor.h */ = {isa = PBXFileReference; fileEncoding = 4; lastKnownFileType = sourcecode.c.h; path = NetNormalActor.h; sourceTree = "<group>"; };
		20789DD21A6221E2002DF278 /* NetNormalActor.m */ = {isa = PBXFileReference; fileEncoding = 4; lastKnownFileType = sourcecode.c.objc; path = NetNormalActor.m; sourceTree = "<group>"; };
		20789DD31A6221E2002DF278 /* NetworkCommon.h */ = {isa = PBXFileReference; fileEncoding = 4; lastKnownFileType = sourcecode.c.h; path = NetworkCommon.h; sourceTree = "<group>"; };
		20789EBC1A622219002DF278 /* Enviroment.framework */ = {isa = PBXFileReference; lastKnownFileType = wrapper.framework; name = Enviroment.framework; path = "../Workspace/DerivedData/FusionWorkspace/Build/Products/Debug-iphoneos/Enviroment.framework"; sourceTree = "<group>"; };
		20789EBD1A622219002DF278 /* FusionCore.framework */ = {isa = PBXFileReference; lastKnownFileType = wrapper.framework; name = FusionCore.framework; path = "../Workspace/DerivedData/FusionWorkspace/Build/Products/Debug-iphoneos/FusionCore.framework"; sourceTree = "<group>"; };
		20789EBE1A622219002DF278 /* Utility.framework */ = {isa = PBXFileReference; lastKnownFileType = wrapper.framework; name = Utility.framework; path = "../Workspace/DerivedData/FusionWorkspace/Build/Products/Debug-iphoneos/Utility.framework"; sourceTree = "<group>"; };
/* End PBXFileReference section */

/* Begin PBXFrameworksBuildPhase section */
		20789D2E1A622176002DF278 /* Frameworks */ = {
			isa = PBXFrameworksBuildPhase;
			buildActionMask = 2147483647;
			files = (
				20789EBF1A622219002DF278 /* Enviroment.framework in Frameworks */,
				20789EC01A622219002DF278 /* FusionCore.framework in Frameworks */,
				20789EC11A622219002DF278 /* Utility.framework in Frameworks */,
				20789E6D1A6221E3002DF278 /* libnghttp2.a in Frameworks */,
				20789E6C1A6221E2002DF278 /* libcurl.a in Frameworks */,
				20789E6A1A6221E2002DF278 /* libcares.a in Frameworks */,
				20789E6E1A6221E3002DF278 /* libspdylay.a in Frameworks */,
				20789E601A6221E2002DF278 /* libcares.a in Frameworks */,
			);
			runOnlyForDeploymentPostprocessing = 0;
		};
/* End PBXFrameworksBuildPhase section */

/* Begin PBXGroup section */
		20789D281A622176002DF278 = {
			isa = PBXGroup;
			children = (
				20789EC21A622231002DF278 /* Frameowrks */,
				20789D341A622176002DF278 /* CoreService */,
				20789D331A622176002DF278 /* Products */,
			);
			sourceTree = "<group>";
		};
		20789D331A622176002DF278 /* Products */ = {
			isa = PBXGroup;
			children = (
				20789D321A622176002DF278 /* CoreService.framework */,
			);
			name = Products;
			sourceTree = "<group>";
		};
		20789D341A622176002DF278 /* CoreService */ = {
			isa = PBXGroup;
			children = (
				20789D4E1A6221E2002DF278 /* Common */,
				20789DA11A6221E2002DF278 /* Network */,
				20789D371A622176002DF278 /* CoreService.h */,
				20789D351A622176002DF278 /* Supporting Files */,
			);
			path = CoreService;
			sourceTree = "<group>";
		};
		20789D351A622176002DF278 /* Supporting Files */ = {
			isa = PBXGroup;
			children = (
				20789D361A622176002DF278 /* Info.plist */,
			);
			name = "Supporting Files";
			sourceTree = "<group>";
		};
		20789D4E1A6221E2002DF278 /* Common */ = {
			isa = PBXGroup;
			children = (
				20789D4F1A6221E2002DF278 /* AutoCleanCacheTask.h */,
				20789D501A6221E2002DF278 /* AutoCleanCacheTask.m */,
			);
			path = Common;
			sourceTree = "<group>";
		};
		20789DA11A6221E2002DF278 /* Network */ = {
			isa = PBXGroup;
			children = (
				20789DA21A6221E2002DF278 /* DownloadFileActor.h */,
				20789DA31A6221E2002DF278 /* DownloadFileActor.m */,
				20789DA41A6221E2002DF278 /* DownloadFileCluster.h */,
				20789DA51A6221E2002DF278 /* DownloadFileCluster.m */,
				20789DA61A6221E2002DF278 /* libares */,
				20789DAC1A6221E2002DF278 /* libcurl */,
				20789DBC1A6221E2002DF278 /* NeoNetEngine */,
				20789DD11A6221E2002DF278 /* NetNormalActor.h */,
				20789DD21A6221E2002DF278 /* NetNormalActor.m */,
				20789DD31A6221E2002DF278 /* NetworkCommon.h */,
			);
			path = Network;
			sourceTree = "<group>";
		};
		20789DA61A6221E2002DF278 /* libares */ = {
			isa = PBXGroup;
			children = (
				20789DA71A6221E2002DF278 /* ares.h */,
				20789DA81A6221E2002DF278 /* ares_build.h */,
				20789DA91A6221E2002DF278 /* ares_rules.h */,
				20789DAA1A6221E2002DF278 /* ares_version.h */,
				20789DAB1A6221E2002DF278 /* libcares.a */,
			);
			path = libares;
			sourceTree = "<group>";
		};
		20789DAC1A6221E2002DF278 /* libcurl */ = {
			isa = PBXGroup;
			children = (
				20789DAD1A6221E2002DF278 /* curl */,
				20789DB71A6221E2002DF278 /* libcares.a */,
				20789DB81A6221E2002DF278 /* libcurl-ares.a */,
				20789DB91A6221E2002DF278 /* libcurl.a */,
				20789DBA1A6221E2002DF278 /* libnghttp2.a */,
				20789DBB1A6221E2002DF278 /* libspdylay.a */,
			);
			path = libcurl;
			sourceTree = "<group>";
		};
		20789DAD1A6221E2002DF278 /* curl */ = {
			isa = PBXGroup;
			children = (
				20789DAE1A6221E2002DF278 /* curl.h */,
				20789DAF1A6221E2002DF278 /* curlbuild.h */,
				20789DB01A6221E2002DF278 /* curlrules.h */,
				20789DB11A6221E2002DF278 /* curlver.h */,
				20789DB21A6221E2002DF278 /* easy.h */,
				20789DB31A6221E2002DF278 /* mprintf.h */,
				20789DB41A6221E2002DF278 /* multi.h */,
				20789DB51A6221E2002DF278 /* stdcheaders.h */,
				20789DB61A6221E2002DF278 /* typecheck-gcc.h */,
			);
			path = curl;
			sourceTree = "<group>";
		};
		20789DBC1A6221E2002DF278 /* NeoNetEngine */ = {
			isa = PBXGroup;
			children = (
				20789DBD1A6221E2002DF278 /* DNSSocketContext.h */,
				20789DBE1A6221E2002DF278 /* DNSSocketContext.m */,
				20789DBF1A6221E2002DF278 /* NeoDNSEngine.h */,
				20789DC01A6221E2002DF278 /* NeoDNSEngine.m */,
				20789DC11A6221E2002DF278 /* NeoHttpDownloadTask.h */,
				20789DC21A6221E2002DF278 /* NeoHttpDownloadTask.m */,
				20789DC31A6221E2002DF278 /* NeoHttpFormTask.h */,
				20789DC41A6221E2002DF278 /* NeoHttpFormTask.m */,
				20789DC51A6221E2002DF278 /* NeoHttpPostTask.h */,
				20789DC61A6221E2002DF278 /* NeoHttpPostTask.m */,
				20789DC71A6221E2002DF278 /* NeoHttpTask.h */,
				20789DC81A6221E2002DF278 /* NeoHttpTask.m */,
				20789DC91A6221E2002DF278 /* NeoNetEngine.h */,
				20789DCA1A6221E2002DF278 /* NeoNetEngine.m */,
				20789DCB1A6221E2002DF278 /* NeoNetTask.h */,
				20789DCC1A6221E2002DF278 /* NeoNetTask.m */,
				20789DCD1A6221E2002DF278 /* NeoReachability.h */,
				20789DCE1A6221E2002DF278 /* NeoReachability.m */,
				20789DCF1A6221E2002DF278 /* NeoSocketContext.h */,
				20789DD01A6221E2002DF278 /* NeoSocketContext.m */,
			);
			path = NeoNetEngine;
			sourceTree = "<group>";
		};
		20789EC21A622231002DF278 /* Frameowrks */ = {
			isa = PBXGroup;
			children = (
				20789EBC1A622219002DF278 /* Enviroment.framework */,
				20789EBD1A622219002DF278 /* FusionCore.framework */,
				20789EBE1A622219002DF278 /* Utility.framework */,
			);
			name = Frameowrks;
			sourceTree = "<group>";
		};
/* End PBXGroup section */

/* Begin PBXHeadersBuildPhase section */
		20789D2F1A622176002DF278 /* Headers */ = {
			isa = PBXHeadersBuildPhase;
			buildActionMask = 2147483647;
			files = (
				20789E681A6221E2002DF278 /* stdcheaders.h in Headers */,
				20789E651A6221E2002DF278 /* easy.h in Headers */,
				20789E621A6221E2002DF278 /* curlbuild.h in Headers */,
				20789E5E1A6221E2002DF278 /* ares_rules.h in Headers */,
				20789E5A1A6221E2002DF278 /* DownloadFileCluster.h in Headers */,
				20789D381A622176002DF278 /* CoreService.h in Headers */,
				20789E671A6221E2002DF278 /* multi.h in Headers */,
				20789E7B1A6221E3002DF278 /* NeoNetEngine.h in Headers */,
				20789E5D1A6221E2002DF278 /* ares_build.h in Headers */,
				20789E7F1A6221E3002DF278 /* NeoReachability.h in Headers */,
				20789E6F1A6221E3002DF278 /* DNSSocketContext.h in Headers */,
				20789E641A6221E2002DF278 /* curlver.h in Headers */,
				20789E751A6221E3002DF278 /* NeoHttpFormTask.h in Headers */,
				20789E691A6221E2002DF278 /* typecheck-gcc.h in Headers */,
				20789E661A6221E2002DF278 /* mprintf.h in Headers */,
				20789E811A6221E3002DF278 /* NeoSocketContext.h in Headers */,
				20789E731A6221E3002DF278 /* NeoHttpDownloadTask.h in Headers */,
				20789E771A6221E3002DF278 /* NeoHttpPostTask.h in Headers */,
				20789E831A6221E3002DF278 /* NetNormalActor.h in Headers */,
				20789E791A6221E3002DF278 /* NeoHttpTask.h in Headers */,
				20789E611A6221E2002DF278 /* curl.h in Headers */,
				20789E711A6221E3002DF278 /* NeoDNSEngine.h in Headers */,
				20789E631A6221E2002DF278 /* curlrules.h in Headers */,
				20789E5C1A6221E2002DF278 /* ares.h in Headers */,
				20789E581A6221E2002DF278 /* DownloadFileActor.h in Headers */,
				20789E7D1A6221E3002DF278 /* NeoNetTask.h in Headers */,
				20789E0D1A6221E2002DF278 /* AutoCleanCacheTask.h in Headers */,
				20789E5F1A6221E2002DF278 /* ares_version.h in Headers */,
				20789E851A6221E3002DF278 /* NetworkCommon.h in Headers */,
			);
			runOnlyForDeploymentPostprocessing = 0;
		};
/* End PBXHeadersBuildPhase section */

/* Begin PBXNativeTarget section */
		20789D311A622176002DF278 /* CoreService */ = {
			isa = PBXNativeTarget;
			buildConfigurationList = 20789D481A622176002DF278 /* Build configuration list for PBXNativeTarget "CoreService" */;
			buildPhases = (
				20789D2D1A622176002DF278 /* Sources */,
				20789D2E1A622176002DF278 /* Frameworks */,
				20789D2F1A622176002DF278 /* Headers */,
				20789D301A622176002DF278 /* Resources */,
			);
			buildRules = (
			);
			dependencies = (
			);
			name = CoreService;
			productName = CoreService;
			productReference = 20789D321A622176002DF278 /* CoreService.framework */;
			productType = "com.apple.product-type.framework";
		};
/* End PBXNativeTarget section */

/* Begin PBXProject section */
		20789D291A622176002DF278 /* Project object */ = {
			isa = PBXProject;
			attributes = {
				LastUpgradeCheck = 0620;
				ORGANIZATIONNAME = "Ryou Zhang";
				TargetAttributes = {
					20789D311A622176002DF278 = {
						CreatedOnToolsVersion = 6.2;
					};
				};
			};
			buildConfigurationList = 20789D2C1A622176002DF278 /* Build configuration list for PBXProject "CoreService" */;
			compatibilityVersion = "Xcode 3.2";
			developmentRegion = English;
			hasScannedForEncodings = 0;
			knownRegions = (
				en,
			);
			mainGroup = 20789D281A622176002DF278;
			productRefGroup = 20789D331A622176002DF278 /* Products */;
			projectDirPath = "";
			projectRoot = "";
			targets = (
				20789D311A622176002DF278 /* CoreService */,
			);
		};
/* End PBXProject section */

/* Begin PBXResourcesBuildPhase section */
		20789D301A622176002DF278 /* Resources */ = {
			isa = PBXResourcesBuildPhase;
			buildActionMask = 2147483647;
			files = (
			);
			runOnlyForDeploymentPostprocessing = 0;
		};
/* End PBXResourcesBuildPhase section */

/* Begin PBXSourcesBuildPhase section */
		20789D2D1A622176002DF278 /* Sources */ = {
			isa = PBXSourcesBuildPhase;
			buildActionMask = 2147483647;
			files = (
				20789E741A6221E3002DF278 /* NeoHttpDownloadTask.m in Sources */,
				20789E821A6221E3002DF278 /* NeoSocketContext.m in Sources */,
				20789E591A6221E2002DF278 /* DownloadFileActor.m in Sources */,
				20789E841A6221E3002DF278 /* NetNormalActor.m in Sources */,
				20789E7E1A6221E3002DF278 /* NeoNetTask.m in Sources */,
				20789E721A6221E3002DF278 /* NeoDNSEngine.m in Sources */,
				20789E5B1A6221E2002DF278 /* DownloadFileCluster.m in Sources */,
				20789E7C1A6221E3002DF278 /* NeoNetEngine.m in Sources */,
				20789E701A6221E3002DF278 /* DNSSocketContext.m in Sources */,
				20789E781A6221E3002DF278 /* NeoHttpPostTask.m in Sources */,
				20789E761A6221E3002DF278 /* NeoHttpFormTask.m in Sources */,
				20789E7A1A6221E3002DF278 /* NeoHttpTask.m in Sources */,
				20789E0E1A6221E2002DF278 /* AutoCleanCacheTask.m in Sources */,
				20789E801A6221E3002DF278 /* NeoReachability.m in Sources */,
			);
			runOnlyForDeploymentPostprocessing = 0;
		};
/* End PBXSourcesBuildPhase section */

/* Begin XCBuildConfiguration section */
		20789D461A622176002DF278 /* Debug */ = {
			isa = XCBuildConfiguration;
			buildSettings = {
				ALWAYS_SEARCH_USER_PATHS = YES;
				CLANG_CXX_LANGUAGE_STANDARD = "gnu++0x";
				CLANG_CXX_LIBRARY = "libc++";
				CLANG_ENABLE_MODULES = YES;
				CLANG_ENABLE_OBJC_ARC = YES;
				CLANG_WARN_BOOL_CONVERSION = YES;
				CLANG_WARN_CONSTANT_CONVERSION = YES;
				CLANG_WARN_DIRECT_OBJC_ISA_USAGE = YES_ERROR;
				CLANG_WARN_EMPTY_BODY = YES;
				CLANG_WARN_ENUM_CONVERSION = YES;
				CLANG_WARN_INT_CONVERSION = YES;
				CLANG_WARN_OBJC_ROOT_CLASS = YES_ERROR;
				CLANG_WARN_UNREACHABLE_CODE = YES;
				CLANG_WARN__DUPLICATE_METHOD_MATCH = YES;
				"CODE_SIGN_IDENTITY[sdk=iphoneos*]" = "iPhone Developer";
				COPY_PHASE_STRIP = NO;
				CURRENT_PROJECT_VERSION = 1;
				ENABLE_STRICT_OBJC_MSGSEND = YES;
				GCC_C_LANGUAGE_STANDARD = gnu99;
				GCC_DYNAMIC_NO_PIC = NO;
				GCC_OPTIMIZATION_LEVEL = 0;
				GCC_PREPROCESSOR_DEFINITIONS = (
					"DEBUG=1",
					"$(inherited)",
				);
				GCC_SYMBOLS_PRIVATE_EXTERN = NO;
				GCC_WARN_64_TO_32_BIT_CONVERSION = YES;
				GCC_WARN_ABOUT_RETURN_TYPE = YES_ERROR;
				GCC_WARN_UNDECLARED_SELECTOR = YES;
				GCC_WARN_UNINITIALIZED_AUTOS = YES_AGGRESSIVE;
				GCC_WARN_UNUSED_FUNCTION = YES;
				GCC_WARN_UNUSED_VARIABLE = YES;
				IPHONEOS_DEPLOYMENT_TARGET = 6.0;
				MACH_O_TYPE = staticlib;
				MTL_ENABLE_DEBUG_INFO = YES;
				ONLY_ACTIVE_ARCH = YES;
				OTHER_LDFLAGS = "-all_load";
				SDKROOT = iphoneos;
				TARGETED_DEVICE_FAMILY = "1,2";
				USER_HEADER_SEARCH_PATHS = "../Workspace/CommonHeader/**";
				VERSIONING_SYSTEM = "apple-generic";
				VERSION_INFO_PREFIX = "";
			};
			name = Debug;
		};
		20789D471A622176002DF278 /* Release */ = {
			isa = XCBuildConfiguration;
			buildSettings = {
				ALWAYS_SEARCH_USER_PATHS = YES;
				CLANG_CXX_LANGUAGE_STANDARD = "gnu++0x";
				CLANG_CXX_LIBRARY = "libc++";
				CLANG_ENABLE_MODULES = YES;
				CLANG_ENABLE_OBJC_ARC = YES;
				CLANG_WARN_BOOL_CONVERSION = YES;
				CLANG_WARN_CONSTANT_CONVERSION = YES;
				CLANG_WARN_DIRECT_OBJC_ISA_USAGE = YES_ERROR;
				CLANG_WARN_EMPTY_BODY = YES;
				CLANG_WARN_ENUM_CONVERSION = YES;
				CLANG_WARN_INT_CONVERSION = YES;
				CLANG_WARN_OBJC_ROOT_CLASS = YES_ERROR;
				CLANG_WARN_UNREACHABLE_CODE = YES;
				CLANG_WARN__DUPLICATE_METHOD_MATCH = YES;
				"CODE_SIGN_IDENTITY[sdk=iphoneos*]" = "iPhone Developer";
				COPY_PHASE_STRIP = NO;
				CURRENT_PROJECT_VERSION = 1;
				ENABLE_NS_ASSERTIONS = NO;
				ENABLE_STRICT_OBJC_MSGSEND = YES;
				GCC_C_LANGUAGE_STANDARD = gnu99;
				GCC_WARN_64_TO_32_BIT_CONVERSION = YES;
				GCC_WARN_ABOUT_RETURN_TYPE = YES_ERROR;
				GCC_WARN_UNDECLARED_SELECTOR = YES;
				GCC_WARN_UNINITIALIZED_AUTOS = YES_AGGRESSIVE;
				GCC_WARN_UNUSED_FUNCTION = YES;
				GCC_WARN_UNUSED_VARIABLE = YES;
				IPHONEOS_DEPLOYMENT_TARGET = 6.0;
				MACH_O_TYPE = staticlib;
				MTL_ENABLE_DEBUG_INFO = NO;
				OTHER_LDFLAGS = "-all_load";
				SDKROOT = iphoneos;
				TARGETED_DEVICE_FAMILY = "1,2";
				USER_HEADER_SEARCH_PATHS = "../Workspace/CommonHeader/**";
				VALIDATE_PRODUCT = YES;
				VERSIONING_SYSTEM = "apple-generic";
				VERSION_INFO_PREFIX = "";
			};
			name = Release;
		};
		20789D491A622176002DF278 /* Debug */ = {
			isa = XCBuildConfiguration;
			buildSettings = {
				DEFINES_MODULE = YES;
				DYLIB_COMPATIBILITY_VERSION = 1;
				DYLIB_CURRENT_VERSION = 1;
				DYLIB_INSTALL_NAME_BASE = "@rpath";
				FRAMEWORK_SEARCH_PATHS = (
					"$(inherited)",
					"/Volumes/HardDisk/TestZone/201501/Fusion2015/Workspace/DerivedData/FusionWorkspace/Build/Products/Debug-iphoneos",
				);
				INFOPLIST_FILE = CoreService/Info.plist;
				INSTALL_PATH = "$(LOCAL_LIBRARY_DIR)/Frameworks";
				LD_RUNPATH_SEARCH_PATHS = "$(inherited) @executable_path/Frameworks @loader_path/Frameworks";
				LIBRARY_SEARCH_PATHS = (
					"$(inherited)",
					"$(PROJECT_DIR)/CoreService/Network/libares",
					"$(PROJECT_DIR)/CoreService/Network/libcurl",
				);
				PRODUCT_NAME = "$(TARGET_NAME)";
				SKIP_INSTALL = YES;
			};
			name = Debug;
		};
		20789D4A1A622176002DF278 /* Release */ = {
			isa = XCBuildConfiguration;
			buildSettings = {
				DEFINES_MODULE = YES;
				DYLIB_COMPATIBILITY_VERSION = 1;
				DYLIB_CURRENT_VERSION = 1;
				DYLIB_INSTALL_NAME_BASE = "@rpath";
				FRAMEWORK_SEARCH_PATHS = (
					"$(inherited)",
					"/Volumes/HardDisk/TestZone/201501/Fusion2015/Workspace/DerivedData/FusionWorkspace/Build/Products/Debug-iphoneos",
				);
				INFOPLIST_FILE = CoreService/Info.plist;
				INSTALL_PATH = "$(LOCAL_LIBRARY_DIR)/Frameworks";
				LD_RUNPATH_SEARCH_PATHS = "$(inherited) @executable_path/Frameworks @loader_path/Frameworks";
				LIBRARY_SEARCH_PATHS = (
					"$(inherited)",
					"$(PROJECT_DIR)/CoreService/Network/libares",
					"$(PROJECT_DIR)/CoreService/Network/libcurl",
				);
				PRODUCT_NAME = "$(TARGET_NAME)";
				SKIP_INSTALL = YES;
			};
			name = Release;
		};
/* End XCBuildConfiguration section */

/* Begin XCConfigurationList section */
		20789D2C1A622176002DF278 /* Build configuration list for PBXProject "CoreService" */ = {
			isa = XCConfigurationList;
			buildConfigurations = (
				20789D461A622176002DF278 /* Debug */,
				20789D471A622176002DF278 /* Release */,
			);
			defaultConfigurationIsVisible = 0;
			defaultConfigurationName = Release;
		};
		20789D481A622176002DF278 /* Build configuration list for PBXNativeTarget "CoreService" */ = {
			isa = XCConfigurationList;
			buildConfigurations = (
				20789D491A622176002DF278 /* Debug */,
				20789D4A1A622176002DF278 /* Release */,
			);
			defaultConfigurationIsVisible = 0;
			defaultConfigurationName = Release;
		};
/* End XCConfigurationList section */
	};
	rootObject = 20789D291A622176002DF278 /* Project object */;
}
